{
  "version": "2",
  "remote": {
    "https://deno.land/std@0.196.0/_util/os.ts": "d932f56d41e4f6a6093d56044e29ce637f8dcc43c5a90af43504a889cf1775e3",
    "https://deno.land/std@0.196.0/assert/assert.ts": "9a97dad6d98c238938e7540736b826440ad8c1c1e54430ca4c4e623e585607ee",
    "https://deno.land/std@0.196.0/assert/assertion_error.ts": "4d0bde9b374dfbcbe8ac23f54f567b77024fb67dbb1906a852d67fe050d42f56",
    "https://deno.land/std@0.196.0/console/_data.json": "cf2cc9d039a192b3adbfe64627167c7e6212704c888c25c769fc8f1709e1e1b8",
    "https://deno.land/std@0.196.0/console/_rle.ts": "56668d5c44f964f1b4ff93f21c9896df42d6ee4394e814db52d6d13f5bb247c7",
    "https://deno.land/std@0.196.0/console/unicode_width.ts": "10661c0f2eeab802d16b8b85ed8825bbc573991bbfb6affed32dc1ff994f54f9",
    "https://deno.land/std@0.196.0/encoding/base64.ts": "144ae6234c1fbe5b68666c711dc15b1e9ee2aef6d42b3b4345bf9a6c91d70d0d",
    "https://deno.land/std@0.196.0/fmt/colors.ts": "a7eecffdf3d1d54db890723b303847b6e0a1ab4b528ba6958b8f2e754cf1b3bc",
    "https://deno.land/std@0.196.0/path/_constants.ts": "e49961f6f4f48039c0dfed3c3f93e963ca3d92791c9d478ac5b43183413136e0",
    "https://deno.land/std@0.196.0/path/_interface.ts": "6471159dfbbc357e03882c2266d21ef9afdb1e4aa771b0545e90db58a0ba314b",
    "https://deno.land/std@0.196.0/path/_util.ts": "d7abb1e0dea065f427b89156e28cdeb32b045870acdf865833ba808a73b576d0",
    "https://deno.land/std@0.196.0/path/common.ts": "ee7505ab01fd22de3963b64e46cff31f40de34f9f8de1fff6a1bd2fe79380000",
    "https://deno.land/std@0.196.0/path/glob.ts": "d479e0a695621c94d3fd7fe7abd4f9499caf32a8de13f25073451c6ef420a4e1",
    "https://deno.land/std@0.196.0/path/mod.ts": "f065032a7189404fdac3ad1a1551a9ac84751d2f25c431e101787846c86c79ef",
    "https://deno.land/std@0.196.0/path/posix.ts": "8b7c67ac338714b30c816079303d0285dd24af6b284f7ad63da5b27372a2c94d",
    "https://deno.land/std@0.196.0/path/separator.ts": "0fb679739d0d1d7bf45b68dacfb4ec7563597a902edbaf3c59b50d5bcadd93b1",
    "https://deno.land/std@0.196.0/path/win32.ts": "4fca292f8d116fd6d62f243b8a61bd3d6835a9f0ede762ba5c01afe7c3c0aa12",
    "https://deno.land/std@0.202.0/assert/_constants.ts": "8a9da298c26750b28b326b297316cdde860bc237533b07e1337c021379e6b2a9",
    "https://deno.land/std@0.202.0/assert/_diff.ts": "1a3c044aedf77647d6cac86b798c6417603361b66b54c53331b312caeb447aea",
    "https://deno.land/std@0.202.0/assert/_format.ts": "a69126e8a469009adf4cf2a50af889aca364c349797e63174884a52ff75cf4c7",
    "https://deno.land/std@0.202.0/assert/assert.ts": "9a97dad6d98c238938e7540736b826440ad8c1c1e54430ca4c4e623e585607ee",
    "https://deno.land/std@0.202.0/assert/assert_almost_equals.ts": "e15ca1f34d0d5e0afae63b3f5d975cbd18335a132e42b0c747d282f62ad2cd6c",
    "https://deno.land/std@0.202.0/assert/assert_array_includes.ts": "6856d7f2c3544bc6e62fb4646dfefa3d1df5ff14744d1bca19f0cbaf3b0d66c9",
    "https://deno.land/std@0.202.0/assert/assert_equals.ts": "d8ec8a22447fbaf2fc9d7c3ed2e66790fdb74beae3e482855d75782218d68227",
    "https://deno.land/std@0.202.0/assert/assert_exists.ts": "407cb6b9fb23a835cd8d5ad804e2e2edbbbf3870e322d53f79e1c7a512e2efd7",
    "https://deno.land/std@0.202.0/assert/assert_false.ts": "0ccbcaae910f52c857192ff16ea08bda40fdc79de80846c206bfc061e8c851c6",
    "https://deno.land/std@0.202.0/assert/assert_greater.ts": "ae2158a2d19313bf675bf7251d31c6dc52973edb12ac64ac8fc7064152af3e63",
    "https://deno.land/std@0.202.0/assert/assert_greater_or_equal.ts": "1439da5ebbe20855446cac50097ac78b9742abe8e9a43e7de1ce1426d556e89c",
    "https://deno.land/std@0.202.0/assert/assert_instance_of.ts": "3aedb3d8186e120812d2b3a5dea66a6e42bf8c57a8bd927645770bd21eea554c",
    "https://deno.land/std@0.202.0/assert/assert_is_error.ts": "c21113094a51a296ffaf036767d616a78a2ae5f9f7bbd464cd0197476498b94b",
    "https://deno.land/std@0.202.0/assert/assert_less.ts": "aec695db57db42ec3e2b62e97e1e93db0063f5a6ec133326cc290ff4b71b47e4",
    "https://deno.land/std@0.202.0/assert/assert_less_or_equal.ts": "5fa8b6a3ffa20fd0a05032fe7257bf985d207b85685fdbcd23651b70f928c848",
    "https://deno.land/std@0.202.0/assert/assert_match.ts": "c4083f80600bc190309903c95e397a7c9257ff8b5ae5c7ef91e834704e672e9b",
    "https://deno.land/std@0.202.0/assert/assert_not_equals.ts": "9f1acab95bd1f5fc9a1b17b8027d894509a745d91bac1718fdab51dc76831754",
    "https://deno.land/std@0.202.0/assert/assert_not_instance_of.ts": "0c14d3dfd9ab7a5276ed8ed0b18c703d79a3d106102077ec437bfe7ed912bd22",
    "https://deno.land/std@0.202.0/assert/assert_not_match.ts": "3796a5b0c57a1ce6c1c57883dd4286be13a26f715ea662318ab43a8491a13ab0",
    "https://deno.land/std@0.202.0/assert/assert_not_strict_equals.ts": "ca6c6d645e95fbc873d25320efeb8c4c6089a9a5e09f92d7c1c4b6e935c2a6ad",
    "https://deno.land/std@0.202.0/assert/assert_object_match.ts": "d8fc2867cfd92eeacf9cea621e10336b666de1874a6767b5ec48988838370b54",
    "https://deno.land/std@0.202.0/assert/assert_rejects.ts": "45c59724de2701e3b1f67c391d6c71c392363635aad3f68a1b3408f9efca0057",
    "https://deno.land/std@0.202.0/assert/assert_strict_equals.ts": "b1f538a7ea5f8348aeca261d4f9ca603127c665e0f2bbfeb91fa272787c87265",
    "https://deno.land/std@0.202.0/assert/assert_string_includes.ts": "b821d39ebf5cb0200a348863c86d8c4c4b398e02012ce74ad15666fc4b631b0c",
    "https://deno.land/std@0.202.0/assert/assert_throws.ts": "63784e951475cb7bdfd59878cd25a0931e18f6dc32a6077c454b2cd94f4f4bcd",
    "https://deno.land/std@0.202.0/assert/assertion_error.ts": "4d0bde9b374dfbcbe8ac23f54f567b77024fb67dbb1906a852d67fe050d42f56",
    "https://deno.land/std@0.202.0/assert/equal.ts": "9f1a46d5993966d2596c44e5858eec821859b45f783a5ee2f7a695dfc12d8ece",
    "https://deno.land/std@0.202.0/assert/fail.ts": "c36353d7ae6e1f7933d45f8ea51e358c8c4b67d7e7502028598fe1fea062e278",
    "https://deno.land/std@0.202.0/assert/mod.ts": "37c49a26aae2b254bbe25723434dc28cd7532e444cf0b481a97c045d110ec085",
    "https://deno.land/std@0.202.0/assert/unimplemented.ts": "d56fbeecb1f108331a380f72e3e010a1f161baa6956fd0f7cf3e095ae1a4c75a",
    "https://deno.land/std@0.202.0/assert/unreachable.ts": "4600dc0baf7d9c15a7f7d234f00c23bca8f3eba8b140286aaca7aa998cf9a536",
    "https://deno.land/std@0.202.0/collections/distinct.ts": "01595bd8e608a5e2de8a8631055587e6f01d68861e463eef34f8e295713500b8",
    "https://deno.land/std@0.202.0/collections/max_by.ts": "9d5940986aac51b2e4feaebef9cd8bf6e1eceeee5edcf3303e334b737f99520d",
    "https://deno.land/std@0.202.0/fmt/colors.ts": "c51c4642678eb690dcf5ffee5918b675bf01a33fba82acf303701ae1a4f8c8d9",
    "https://deno.land/std@0.202.0/json/common.ts": "ecd5e87d45b5f0df33238ed8b1746e1444da7f5c86ae53d0f0b04280f41a25bb",
    "https://deno.land/std@0.202.0/jsonc/mod.ts": "b88dce28eb3645667caa856538ae2fe87af51410822544a0b45a4177ef3bd7dd",
    "https://deno.land/std@0.202.0/jsonc/parse.ts": "c1096e2b7ffb4996d7ed841dfdb29a4fccc78edcc55299beaa20d6fe5facf7b6",
    "https://deno.land/std@0.202.0/path/_basename.ts": "057d420c9049821f983f784fd87fa73ac471901fb628920b67972b0f44319343",
    "https://deno.land/std@0.202.0/path/_constants.ts": "e49961f6f4f48039c0dfed3c3f93e963ca3d92791c9d478ac5b43183413136e0",
    "https://deno.land/std@0.202.0/path/_dirname.ts": "355e297236b2218600aee7a5301b937204c62e12da9db4b0b044993d9e658395",
    "https://deno.land/std@0.202.0/path/_extname.ts": "eaaa5aae1acf1f03254d681bd6a8ce42a9cb5b7ff2213a9d4740e8ab31283664",
    "https://deno.land/std@0.202.0/path/_format.ts": "4a99270d6810f082e614309164fad75d6f1a483b68eed97c830a506cc589f8b4",
    "https://deno.land/std@0.202.0/path/_from_file_url.ts": "6eadfae2e6f63ad9ee46b26db4a1b16583055c0392acedfb50ed2fc694b6f581",
    "https://deno.land/std@0.202.0/path/_interface.ts": "6471159dfbbc357e03882c2266d21ef9afdb1e4aa771b0545e90db58a0ba314b",
    "https://deno.land/std@0.202.0/path/_is_absolute.ts": "05dac10b5e93c63198b92e3687baa2be178df5321c527dc555266c0f4f51558c",
    "https://deno.land/std@0.202.0/path/_join.ts": "815f5e85b042285175b1492dd5781240ce126c23bd97bad6b8211fe7129c538e",
    "https://deno.land/std@0.202.0/path/_normalize.ts": "a19ec8706b2707f9dd974662a5cd89fad438e62ab1857e08b314a8eb49a34d81",
    "https://deno.land/std@0.202.0/path/_os.ts": "30b0c2875f360c9296dbe6b7f2d528f0f9c741cecad2e97f803f5219e91b40a2",
    "https://deno.land/std@0.202.0/path/_parse.ts": "0f9b0ff43682dd9964eb1c4398610c4e165d8db9d3ac9d594220217adf480cfa",
    "https://deno.land/std@0.202.0/path/_relative.ts": "27bdeffb5311a47d85be26d37ad1969979359f7636c5cd9fcf05dcd0d5099dc5",
    "https://deno.land/std@0.202.0/path/_resolve.ts": "7a3616f1093735ed327e758313b79c3c04ea921808ca5f19ddf240cb68d0adf6",
    "https://deno.land/std@0.202.0/path/_to_file_url.ts": "a141e4a525303e1a3a0c0571fd024552b5f3553a2af7d75d1ff3a503dcbb66d8",
    "https://deno.land/std@0.202.0/path/_to_namespaced_path.ts": "0d5f4caa2ed98ef7a8786286df6af804b50e38859ae897b5b5b4c8c5930a75c8",
    "https://deno.land/std@0.202.0/path/_util.ts": "4e191b1bac6b3bf0c31aab42e5ca2e01a86ab5a0d2e08b75acf8585047a86221",
    "https://deno.land/std@0.202.0/path/basename.ts": "bdfa5a624c6a45564dc6758ef2077f2822978a6dbe77b0a3514f7d1f81362930",
    "https://deno.land/std@0.202.0/path/common.ts": "ee7505ab01fd22de3963b64e46cff31f40de34f9f8de1fff6a1bd2fe79380000",
    "https://deno.land/std@0.202.0/path/dirname.ts": "b6533f4ee4174a526dec50c279534df5345836dfdc15318400b08c62a62a39dd",
    "https://deno.land/std@0.202.0/path/extname.ts": "62c4b376300795342fe1e4746c0de518b4dc9c4b0b4617bfee62a2973a9555cf",
    "https://deno.land/std@0.202.0/path/format.ts": "110270b238514dd68455a4c54956215a1aff7e37e22e4427b7771cefe1920aa5",
    "https://deno.land/std@0.202.0/path/from_file_url.ts": "9f5cb58d58be14c775ec2e57fc70029ac8b17ed3bd7fe93e475b07280adde0ac",
    "https://deno.land/std@0.202.0/path/glob.ts": "593e2c3573883225c25c5a21aaa8e9382a696b8e175ea20a3b6a1471ad17aaed",
    "https://deno.land/std@0.202.0/path/is_absolute.ts": "0b92eb35a0a8780e9f16f16bb23655b67dace6a8e0d92d42039e518ee38103c1",
    "https://deno.land/std@0.202.0/path/join.ts": "31c5419f23d91655b08ec7aec403f4e4cd1a63d39e28f6e42642ea207c2734f8",
    "https://deno.land/std@0.202.0/path/mod.ts": "6e1efb0b13121463aedb53ea51dabf5639a3172ab58c89900bbb72b486872532",
    "https://deno.land/std@0.202.0/path/normalize.ts": "6ea523e0040979dd7ae2f1be5bf2083941881a252554c0f32566a18b03021955",
    "https://deno.land/std@0.202.0/path/parse.ts": "be8de342bb9e1924d78dc4d93c45215c152db7bf738ec32475560424b119b394",
    "https://deno.land/std@0.202.0/path/posix.ts": "0a1c1952d132323a88736d03e92bd236f3ed5f9f079e5823fae07c8d978ee61b",
    "https://deno.land/std@0.202.0/path/relative.ts": "8bedac226afd360afc45d451a6c29fabceaf32978526bcb38e0c852661f66c61",
    "https://deno.land/std@0.202.0/path/resolve.ts": "133161e4949fc97f9ca67988d51376b0f5eef8968a6372325ab84d39d30b80dc",
    "https://deno.land/std@0.202.0/path/separator.ts": "40a3e9a4ad10bef23bc2cd6c610291b6c502a06237c2c4cd034a15ca78dedc1f",
    "https://deno.land/std@0.202.0/path/to_file_url.ts": "00e6322373dd51ad109956b775e4e72e5f9fa68ce2c6b04e4af2a6eed3825d31",
    "https://deno.land/std@0.202.0/path/to_namespaced_path.ts": "1b1db3055c343ab389901adfbda34e82b7386bcd1c744d54f9c1496ee0fd0c3d",
    "https://deno.land/std@0.202.0/path/win32.ts": "8b3f80ef7a462511d5e8020ff490edcaa0a0d118f1b1e9da50e2916bdd73f9dd",
    "https://deno.land/std@0.202.0/testing/_test_suite.ts": "30f018feeb3835f12ab198d8a518f9089b1bcb2e8c838a8b615ab10d5005465c",
    "https://deno.land/std@0.202.0/testing/bdd.ts": "3f446df5ef8e856a869e8eec54c8482590415741ff0b6358a00c43486cc15769",
    "https://deno.land/std@0.202.0/testing/mock.ts": "6576b4aa55ee20b1990d656a78fff83599e190948c00e9f25a7f3ac5e9d6492d",
    "https://deno.land/x/cliffy@v1.0.0-rc.3/_utils/distance.ts": "02af166952c7c358ac83beae397aa2fbca4ad630aecfcd38d92edb1ea429f004",
    "https://deno.land/x/cliffy@v1.0.0-rc.3/ansi/ansi_escapes.ts": "193b3c3a4e520274bd8322ca4cab1c3ce38070bed1898cb2ade12a585dddd7c9",
    "https://deno.land/x/cliffy@v1.0.0-rc.3/ansi/chain.ts": "eca61b1b64cad7b9799490c12c7aa5538d0f63ac65a73ddb6acac8b35f0a5323",
    "https://deno.land/x/cliffy@v1.0.0-rc.3/ansi/colors.ts": "328916ea1627c202b39f2ed0f1ca65a573cfb75fa8986aa3dbcc0b7463911005",
    "https://deno.land/x/cliffy@v1.0.0-rc.3/ansi/cursor_position.ts": "caa008d29f7a904908bda514f9839bfbb7a93f2d5f5580501675b646d26a87ff",
    "https://deno.land/x/cliffy@v1.0.0-rc.3/ansi/deps.ts": "f48ae5d066684793f4a203524db2a9fd61f514527934b458006f3e57363c0215",
    "https://deno.land/x/cliffy@v1.0.0-rc.3/ansi/tty.ts": "155aacdcb7dc00f3f95352616a2415c622ffb88db51c5934e5d2e8341eab010b",
    "https://deno.land/x/cliffy@v1.0.0-rc.3/command/_argument_types.ts": "ab269dacea2030f865a07c2a1e953ec437a64419a05bad1f1ddaab3f99752ead",
    "https://deno.land/x/cliffy@v1.0.0-rc.3/command/_errors.ts": "12d513ff401020287a344e0830e1297ce1c80c077ecb91e0ac5db44d04a6019c",
    "https://deno.land/x/cliffy@v1.0.0-rc.3/command/_spread.ts": "0cc6eb70a6df97b5d7d26008822d39f3e8a1232ee0a27f395aa19e68de738245",
    "https://deno.land/x/cliffy@v1.0.0-rc.3/command/_type_utils.ts": "820004a59bc858e355b11f80e5b3ff1be2c87e66f31f53f253610170795602f0",
    "https://deno.land/x/cliffy@v1.0.0-rc.3/command/_utils.ts": "3c88ff4f36eba298beb07de08068fdce5e5cb7b9d82c8a319f09596d8279be64",
    "https://deno.land/x/cliffy@v1.0.0-rc.3/command/command.ts": "ae690745759524082776b7f271f66d5b93933170b1b132f888bd4ac12e9fdd7d",
    "https://deno.land/x/cliffy@v1.0.0-rc.3/command/deps.ts": "7473ebd5625bf901becd7ff80afdde3b8a50ae5d1bbfa2f43805cfacf4559d5a",
    "https://deno.land/x/cliffy@v1.0.0-rc.3/command/help/_help_generator.ts": "532dd4a928baab8b45ce46bb6d20e2ebacfdf3da141ce9d12da796652b1de478",
    "https://deno.land/x/cliffy@v1.0.0-rc.3/command/type.ts": "f588f5d9635b79100044e62aced4b00e510e75b83801f9b089c40c2d98674de2",
    "https://deno.land/x/cliffy@v1.0.0-rc.3/command/types.ts": "bc9ff7459b9cc1079eeb95ff101690a51b4b4afa4af5623340076ee361d08dbb",
    "https://deno.land/x/cliffy@v1.0.0-rc.3/command/types/boolean.ts": "3879ec16092b4b5b1a0acb8675f8c9250c0b8a972e1e4c7adfba8335bd2263ed",
    "https://deno.land/x/cliffy@v1.0.0-rc.3/command/types/file.ts": "8618f16ac9015c8589cbd946b3de1988cc4899b90ea251f3325c93c46745140e",
    "https://deno.land/x/cliffy@v1.0.0-rc.3/command/types/integer.ts": "29864725fd48738579d18123d7ee78fed37515e6dc62146c7544c98a82f1778d",
    "https://deno.land/x/cliffy@v1.0.0-rc.3/command/types/number.ts": "aeba96e6f470309317a16b308c82e0e4138a830ec79c9877e4622c682012bc1f",
    "https://deno.land/x/cliffy@v1.0.0-rc.3/command/types/string.ts": "e4dadb08a11795474871c7967beab954593813bb53d9f69ea5f9b734e43dc0e0",
    "https://deno.land/x/cliffy@v1.0.0-rc.3/command/upgrade/_check_version.ts": "6cfa7dc26bc0dc46381500e8d4b130fb224f4c5456152dada15bd3793edca89b",
    "https://deno.land/x/cliffy@v1.0.0-rc.3/flags/_errors.ts": "f1fbb6bfa009e7950508c9d491cfb4a5551027d9f453389606adb3f2327d048f",
    "https://deno.land/x/cliffy@v1.0.0-rc.3/flags/_utils.ts": "340d3ecab43cde9489187e1f176504d2c58485df6652d1cdd907c0e9c3ce4cc2",
    "https://deno.land/x/cliffy@v1.0.0-rc.3/flags/_validate_flags.ts": "e60b9038c0136ab7e6bd1baf0e993a07bf23f18afbfb6e12c59adf665a622957",
    "https://deno.land/x/cliffy@v1.0.0-rc.3/flags/deprecated.ts": "a72a35de3cc7314e5ebea605ca23d08385b218ef171c32a3f135fb4318b08126",
    "https://deno.land/x/cliffy@v1.0.0-rc.3/flags/flags.ts": "3e62c4a9756b5705aada29e7e94847001356b3a83cd18ad56f4207387a71cf51",
    "https://deno.land/x/cliffy@v1.0.0-rc.3/flags/types.ts": "9e2f75edff2217d972fc711a21676a59dfd88378da2f1ace440ea84c07db1dcc",
    "https://deno.land/x/cliffy@v1.0.0-rc.3/flags/types/boolean.ts": "4c026dd66ec9c5436860dc6d0241427bdb8d8e07337ad71b33c08193428a2236",
    "https://deno.land/x/cliffy@v1.0.0-rc.3/flags/types/integer.ts": "b60d4d590f309ddddf066782d43e4dc3799f0e7d08e5ede7dc62a5ee94b9a6d9",
    "https://deno.land/x/cliffy@v1.0.0-rc.3/flags/types/number.ts": "610936e2d29de7c8c304b65489a75ebae17b005c6122c24e791fbed12444d51e",
    "https://deno.land/x/cliffy@v1.0.0-rc.3/flags/types/string.ts": "e89b6a5ce322f65a894edecdc48b44956ec246a1d881f03e97bbda90dd8638c5",
    "https://deno.land/x/cliffy@v1.0.0-rc.3/keycode/_key_codes.ts": "917f0a2da0dbace08cf29bcfdaaa2257da9fe7e705fff8867d86ed69dfb08cfe",
    "https://deno.land/x/cliffy@v1.0.0-rc.3/keycode/key_code.ts": "730fa675ca12fc2a99ba718aa8dbebb1f2c89afd47484e30ef3cb705ddfca367",
    "https://deno.land/x/cliffy@v1.0.0-rc.3/prompt/_figures.ts": "e22413ddd51bb271b6b861a058742e83aaa3f62c14e8162cb73ae6f047062f51",
    "https://deno.land/x/cliffy@v1.0.0-rc.3/prompt/_generic_input.ts": "870dad97077582439cee26cb19aec123b4850376331338abdc64a91224733cdc",
    "https://deno.land/x/cliffy@v1.0.0-rc.3/prompt/_generic_list.ts": "8b0bea4521b1e2f62c564e0d3764a63264043694f4228bb0bc0b63ce129ef33b",
    "https://deno.land/x/cliffy@v1.0.0-rc.3/prompt/_generic_prompt.ts": "4c9d9cdeda749620a3f5332524df13d083e2d59b1ed90a003f43cd0991a75a10",
    "https://deno.land/x/cliffy@v1.0.0-rc.3/prompt/_utils.ts": "498ae639d7666599d612b615ee85de9103b3c3a913d5196f6b265072674258c7",
    "https://deno.land/x/cliffy@v1.0.0-rc.3/prompt/deps.ts": "2560142f070bb2668e2e8a74683c799461648b9aad01bbf36b3cad3851d712e6",
    "https://deno.land/x/cliffy@v1.0.0-rc.3/prompt/select.ts": "c10902aeaca02a55d9b846934958dd166ee39c741faebdaa9800689e402186cf",
    "https://deno.land/x/cliffy@v1.0.0-rc.3/table/_layout.ts": "e4a518da28333de95ad791208b9930025987c8b93d5f8b7f30b377b3e26b24e1",
    "https://deno.land/x/cliffy@v1.0.0-rc.3/table/_utils.ts": "fd48d1a524a42e72aa3ad2eec858a92f5a00728d306c7e8436fba6c34314fee6",
    "https://deno.land/x/cliffy@v1.0.0-rc.3/table/border.ts": "5c6e9ef5078c6930169aacb668b274bdbb498461c724a7693ac9270fe9d3f5d5",
    "https://deno.land/x/cliffy@v1.0.0-rc.3/table/cell.ts": "1ffabd43b6b7fddfac9625cb0d015532e144702a9bfed03b358b79375115d06b",
    "https://deno.land/x/cliffy@v1.0.0-rc.3/table/column.ts": "cf14009f2cb14bad156f879946186c1893acdc6a2fee6845db152edddb6a2714",
    "https://deno.land/x/cliffy@v1.0.0-rc.3/table/consume_words.ts": "456e75755fdf6966abdefb8b783df2855e2a8bad6ddbdf21bd748547c5fc1d4b",
    "https://deno.land/x/cliffy@v1.0.0-rc.3/table/deps.ts": "1226c4d39d53edc81d7c3e661fb8a79f2e704937c276c60355cd4947a0fe9153",
    "https://deno.land/x/cliffy@v1.0.0-rc.3/table/row.ts": "79eb1468aafdd951e5963898cdafe0752d4ab4c519d5f847f3d8ecb8fe857d4f",
    "https://deno.land/x/cliffy@v1.0.0-rc.3/table/table.ts": "298671e72e61f1ab18b42ae36643181993f79e29b39dc411fdc6ffd53aa04684",
    "https://deno.land/x/deno_graph@0.55.0/deno_graph_wasm.generated.js": "cf3a273167ef8ef40a5cb880c9e4666c8a9067cbf16629d1dac3f903ec95981b",
    "https://deno.land/x/deno_graph@0.55.0/loader.ts": "a2e757383908f4a51659fe1b1203386887ebb17756bac930a64856d613d8d57d",
    "https://deno.land/x/deno_graph@0.55.0/media_type.ts": "a89a1b38d07c160e896de9ceb99285ba8391940140558304171066b5c3ef7609",
    "https://deno.land/x/deno_graph@0.55.0/mod.ts": "e4bdddf09d8332394ac4b2e7084f7f4fbbbf09dff344cac9bd60f5e20b4f12e0",
    "https://deno.land/x/dir@1.5.1/data_local_dir/mod.ts": "91eb1c4bfadfbeda30171007bac6d85aadacd43224a5ed721bbe56bc64e9eb66",
    "https://deno.land/x/import_map@v0.15.0/lib/import_map.generated.js": "617626ef749703190de2f781e1e4019d858c9c6ba61a7cae39a14499a5a20628",
    "https://deno.land/x/import_map@v0.15.0/mod.ts": "dbd28bcdb5fba6eb6b7d0d2c300a5b537a13624bcb463311d44fc970d9f0ddad",
    "https://deno.land/x/wasmbuild@0.14.1/cache.ts": "89eea5f3ce6035a1164b3e655c95f21300498920575ade23161421f5b01967f4",
    "https://deno.land/x/wasmbuild@0.14.1/loader.ts": "d98d195a715f823151cbc8baa3f32127337628379a02d9eb2a3c5902dbccfc02"
  }
}
