{
  "version": "3",
  "packages": {
    "specifiers": {
      "jsr:@chiezo/amber@^0.0.6": "jsr:@chiezo/amber@0.0.6",
      "jsr:@cliffy/ansi@1.0.0-rc.5": "jsr:@cliffy/ansi@1.0.0-rc.5",
      "jsr:@cliffy/command@1.0.0-rc.5": "jsr:@cliffy/command@1.0.0-rc.5",
      "jsr:@cliffy/flags@1.0.0-rc.5": "jsr:@cliffy/flags@1.0.0-rc.5",
      "jsr:@cliffy/internal@1.0.0-rc.5": "jsr:@cliffy/internal@1.0.0-rc.5",
      "jsr:@cliffy/table@1.0.0-rc.5": "jsr:@cliffy/table@1.0.0-rc.5",
      "jsr:@core/match@^0.3.1": "jsr:@core/match@0.3.1",
      "jsr:@core/unknownutil@3.18.0": "jsr:@core/unknownutil@3.18.0",
      "jsr:@core/unknownutil@^3.18.1": "jsr:@core/unknownutil@3.18.1",
      "jsr:@david/dax@^0.41.0": "jsr:@david/dax@0.41.0",
      "jsr:@david/which@^0.4.1": "jsr:@david/which@0.4.1",
      "jsr:@deno/graph@^0.80.1": "jsr:@deno/graph@0.80.1",
      "jsr:@lambdalisue/async@^2.1.1": "jsr:@lambdalisue/async@2.1.1",
      "jsr:@std/assert@1.0.0-rc.2": "jsr:@std/assert@1.0.0-rc.2",
      "jsr:@std/assert@^0.221.0": "jsr:@std/assert@0.221.0",
      "jsr:@std/assert@^0.224.0": "jsr:@std/assert@0.224.0",
      "jsr:@std/assert@^0.226.0": "jsr:@std/assert@0.226.0",
      "jsr:@std/assert@^1.0.0": "jsr:@std/assert@1.0.0",
      "jsr:@std/bytes@^0.221.0": "jsr:@std/bytes@0.221.0",
      "jsr:@std/cli@1.0.0-rc.2": "jsr:@std/cli@1.0.0-rc.2",
      "jsr:@std/collections@^0.224.2": "jsr:@std/collections@0.224.2",
      "jsr:@std/collections@^1.0.4": "jsr:@std/collections@1.0.4",
      "jsr:@std/dotenv@^0.224.2": "jsr:@std/dotenv@0.224.2",
      "jsr:@std/fmt@^0.221.0": "jsr:@std/fmt@0.221.0",
      "jsr:@std/fmt@^0.224.0": "jsr:@std/fmt@0.224.0",
      "jsr:@std/fmt@^0.225.6": "jsr:@std/fmt@0.225.6",
      "jsr:@std/fmt@~0.225.4": "jsr:@std/fmt@0.225.6",
      "jsr:@std/fs@0.221.0": "jsr:@std/fs@0.221.0",
      "jsr:@std/fs@^0.229.3": "jsr:@std/fs@0.229.3",
      "jsr:@std/internal@^0.224.0": "jsr:@std/internal@0.224.0",
      "jsr:@std/internal@^1.0.0": "jsr:@std/internal@1.0.1",
      "jsr:@std/internal@^1.0.1": "jsr:@std/internal@1.0.1",
      "jsr:@std/io@0.221.0": "jsr:@std/io@0.221.0",
      "jsr:@std/io@^0.221.0": "jsr:@std/io@0.221.0",
      "jsr:@std/json@^1.0.0-rc.1": "jsr:@std/json@1.0.0-rc.2",
      "jsr:@std/jsonc@^0.224.3": "jsr:@std/jsonc@0.224.3",
      "jsr:@std/path@0.221.0": "jsr:@std/path@0.221.0",
      "jsr:@std/path@1.0.0-rc.1": "jsr:@std/path@1.0.0-rc.1",
      "jsr:@std/path@^0.221.0": "jsr:@std/path@0.221.0",
      "jsr:@std/path@^0.225.1": "jsr:@std/path@0.225.2",
      "jsr:@std/path@^1.0.0": "jsr:@std/path@1.0.0",
      "jsr:@std/semver@^0.224.3": "jsr:@std/semver@0.224.3",
      "jsr:@std/streams@0.221.0": "jsr:@std/streams@0.221.0",
      "jsr:@std/testing@^0.224.0": "jsr:@std/testing@0.224.0",
      "jsr:@std/testing@^0.225.3": "jsr:@std/testing@0.225.3",
      "jsr:@std/text@1.0.0-rc.1": "jsr:@std/text@1.0.0-rc.1",
      "npm:@conventional-commits/parser@^0.4.1": "npm:@conventional-commits/parser@0.4.1",
      "npm:@octokit/rest@^21.0.0": "npm:@octokit/rest@21.0.0_@octokit+core@6.1.2",
      "npm:dedent@^1.5.3": "npm:dedent@1.5.3",
      "npm:ts-toolbelt@9.6.0": "npm:ts-toolbelt@9.6.0"
    },
    "jsr": {
      "@chiezo/amber@0.0.6": {
        "integrity": "728857dcf3c978e31765f57237c4a0fcc6d4a8872a40990cf9c8d7c81c743cc2",
        "dependencies": [
          "jsr:@molt/lib@^0.18.0",
          "jsr:@std/collections@^0.224.2",
          "jsr:@std/path@^0.225.1",
          "jsr:@std/testing@^0.224.0"
        ]
      },
      "@cliffy/ansi@1.0.0-rc.5": {
        "integrity": "85a4dba4da5d8278dcdfeea98672cd15706c244833f82edc60c61f410d9fc1a9",
        "dependencies": [
          "jsr:@std/fmt@~0.225.4"
        ]
      },
      "@cliffy/command@1.0.0-rc.5": {
        "integrity": "55e00a1d0ae38152fb275a89494a81ffb9b144eb9060107c0be5af46e1ba736c",
        "dependencies": [
          "jsr:@cliffy/flags@1.0.0-rc.5",
          "jsr:@cliffy/internal@1.0.0-rc.5",
          "jsr:@cliffy/table@1.0.0-rc.5",
          "jsr:@std/fmt@~0.225.4",
          "jsr:@std/text@1.0.0-rc.1"
        ]
      },
      "@cliffy/flags@1.0.0-rc.5": {
        "integrity": "bd33b7b399e0af353f5516d87a2d552d46ee7e7f4a6f0c0bc65fcce750710217"
      },
      "@cliffy/internal@1.0.0-rc.5": {
        "integrity": "1e8dca4fcfba1815bf1a899bb880e09f8b45284c352465ef8fb015887c1fc126"
      },
      "@cliffy/table@1.0.0-rc.5": {
        "integrity": "2b3e1b4764bbb56b0c39aeba95bc0bb551d9bd4475fbb6d1ce368c08b7ef9eb3",
        "dependencies": [
          "jsr:@std/cli@1.0.0-rc.2"
        ]
      },
      "@core/match@0.3.1": {
        "integrity": "020bb0199f56877daf270a457bfeee19daa8c721819d36dc987c2a9df7cca4fd",
        "dependencies": [
          "jsr:@core/unknownutil@3.18.0",
          "npm:ts-toolbelt@9.6.0"
        ]
      },
      "@core/unknownutil@3.18.0": {
        "integrity": "bff7ab4a2f554bbade301127519523b0d3baa4273ecbed51287133ac00a48738"
      },
      "@core/unknownutil@3.18.1": {
        "integrity": "6aaa108b623ff971d062dd345da7ca03b97f61ae3d29c8677bff14fec11f0d76"
      },
      "@david/dax@0.41.0": {
        "integrity": "9e1ecf66a0415962cc8ad3ba4e3fa93ce0f1a1cc797dd95c36fdfb6977dc7fc8",
        "dependencies": [
          "jsr:@david/which@^0.4.1",
          "jsr:@std/fmt@^0.221.0",
          "jsr:@std/fs@0.221.0",
          "jsr:@std/io@0.221.0",
          "jsr:@std/path@0.221.0",
          "jsr:@std/streams@0.221.0"
        ]
      },
      "@david/which@0.4.1": {
        "integrity": "896a682b111f92ab866cc70c5b4afab2f5899d2f9bde31ed00203b9c250f225e"
      },
      "@deno/graph@0.80.1": {
        "integrity": "a7aca57c5f91ce41e01b788a1dad591734df7f0d2310cf072800cdc57986df23"
      },
      "@lambdalisue/async@2.1.1": {
        "integrity": "1fc9bc6f4ed50215cd2f7217842b18cea80f81c25744f88f8c5eb4be5a1c9ab4"
      },
      "@std/assert@0.221.0": {
        "integrity": "a5f1aa6e7909dbea271754fd4ab3f4e687aeff4873b4cef9a320af813adb489a"
      },
      "@std/assert@0.224.0": {
        "integrity": "8643233ec7aec38a940a8264a6e3eed9bfa44e7a71cc6b3c8874213ff401967f",
        "dependencies": [
          "jsr:@std/fmt@^0.224.0",
          "jsr:@std/internal@^0.224.0"
        ]
      },
      "@std/assert@0.226.0": {
        "integrity": "0dfb5f7c7723c18cec118e080fec76ce15b4c31154b15ad2bd74822603ef75b3"
      },
      "@std/assert@1.0.0": {
        "integrity": "0e4f6d873f7f35e2a1e6194ceee39686c996b9e5d134948e644d35d4c4df2008",
        "dependencies": [
          "jsr:@std/internal@^1.0.1"
        ]
      },
      "@std/assert@1.0.0-rc.2": {
        "integrity": "0484eab1d76b55fca1c3beaff485a274e67dd3b9f065edcbe70030dfc0b964d3",
        "dependencies": [
          "jsr:@std/internal@^1.0.0"
        ]
      },
      "@std/bytes@0.221.0": {
        "integrity": "64a047011cf833890a4a2ab7293ac55a1b4f5a050624ebc6a0159c357de91966"
      },
      "@std/cli@1.0.0-rc.2": {
        "integrity": "97dfae82b9f0e189768ebfa7a5da53375955b94bad0a1804f8e3b73563b03787"
      },
      "@std/collections@0.224.2": {
        "integrity": "e77819455294e92d4e7ddad1dbfd46f94174c09318e541e6621fac4a4d0ab326"
      },
      "@std/collections@1.0.4": {
        "integrity": "bcc90800e489dc6bacdf68eb5dc746d6d8a033cb4f3311f0f9cf8094de429ce7"
      },
      "@std/dotenv@0.224.2": {
        "integrity": "29081695357e4534696c9e986b2560be29c141ccf52daa32b6c20ff5b5c64ab9"
      },
      "@std/fmt@0.221.0": {
        "integrity": "379fed69bdd9731110f26b9085aeb740606b20428ce6af31ef6bd45ef8efa62a"
      },
      "@std/fmt@0.224.0": {
        "integrity": "e20e9a2312a8b5393272c26191c0a68eda8d2c4b08b046bad1673148f1d69851"
      },
      "@std/fmt@0.225.6": {
        "integrity": "aba6aea27f66813cecfd9484e074a9e9845782ab0685c030e453a8a70b37afc8"
      },
      "@std/fs@0.221.0": {
        "integrity": "028044450299de8ed5a716ade4e6d524399f035513b85913794f4e81f07da286",
        "dependencies": [
          "jsr:@std/assert@^0.221.0",
          "jsr:@std/path@^0.221.0"
        ]
      },
      "@std/fs@0.229.3": {
        "integrity": "783bca21f24da92e04c3893c9e79653227ab016c48e96b3078377ebd5222e6eb",
        "dependencies": [
          "jsr:@std/path@1.0.0-rc.1"
        ]
      },
      "@std/internal@0.224.0": {
        "integrity": "afc50644f9cdf4495eeb80523a8f6d27226b4b36c45c7c195dfccad4b8509291"
      },
      "@std/internal@1.0.1": {
        "integrity": "6f8c7544d06a11dd256c8d6ba54b11ed870aac6c5aeafff499892662c57673e6"
      },
      "@std/io@0.221.0": {
        "integrity": "faf7f8700d46ab527fa05cc6167f4b97701a06c413024431c6b4d207caa010da",
        "dependencies": [
          "jsr:@std/assert@^0.221.0",
          "jsr:@std/bytes@^0.221.0"
        ]
      },
      "@std/json@1.0.0-rc.2": {
        "integrity": "f48870c4471e5ff3157ca4c51bf9a71351c2bac2ba2e1615321254b4d081e84a"
      },
      "@std/jsonc@0.224.3": {
        "integrity": "c10770a31489f5b85a3562d9b107c497666d8b6a49291ee2711d84da2616c2d6",
        "dependencies": [
          "jsr:@std/json@^1.0.0-rc.1"
        ]
      },
      "@std/path@0.221.0": {
        "integrity": "0a36f6b17314ef653a3a1649740cc8db51b25a133ecfe838f20b79a56ebe0095",
        "dependencies": [
          "jsr:@std/assert@^0.221.0"
        ]
      },
      "@std/path@0.225.2": {
        "integrity": "0f2db41d36b50ef048dcb0399aac720a5348638dd3cb5bf80685bf2a745aa506",
        "dependencies": [
          "jsr:@std/assert@^0.226.0"
        ]
      },
      "@std/path@1.0.0": {
        "integrity": "77fcb858b6e38777d1154df0f02245ba0b07e2c40ca3c0eec57c9233188c2d21"
      },
      "@std/path@1.0.0-rc.1": {
        "integrity": "b8c00ae2f19106a6bb7cbf1ab9be52aa70de1605daeb2dbdc4f87a7cbaf10ff6"
      },
      "@std/semver@0.224.3": {
        "integrity": "7bb34b5ad46de2c0c73de0ca3e30081ef64b4361f66abd57c84ff1011c6a1233"
      },
      "@std/streams@0.221.0": {
        "integrity": "47f2f74634b47449277c0ee79fe878da4424b66bd8975c032e3afdca88986e61",
        "dependencies": [
          "jsr:@std/io@^0.221.0"
        ]
      },
      "@std/testing@0.224.0": {
        "integrity": "371b8a929aa7132240d5dd766a439be8f780ef5c176ab194e0bcab72370c761e",
        "dependencies": [
          "jsr:@std/assert@^0.224.0"
        ]
      },
      "@std/testing@0.225.3": {
        "integrity": "348c24d0479d44ab3dbb4f26170f242e19f24051b45935d4a9e7ca0ab7e37780",
        "dependencies": [
          "jsr:@std/assert@1.0.0-rc.2"
        ]
      },
      "@std/text@1.0.0-rc.1": {
        "integrity": "34c722203e87ee12792c8d4a0cd2ee0e001341cbce75b860fc21be19d62232b0"
      }
    },
    "npm": {
      "@conventional-commits/parser@0.4.1": {
        "integrity": "sha512-H2ZmUVt6q+KBccXfMBhbBF14NlANeqHTXL4qCL6QGbMzrc4HDXyzWuxPxPNbz71f/5UkR5DrycP5VO9u7crahg==",
        "dependencies": {
          "unist-util-visit": "unist-util-visit@2.0.3",
          "unist-util-visit-parents": "unist-util-visit-parents@3.1.1"
        }
      },
      "@octokit/auth-token@5.1.1": {
        "integrity": "sha512-rh3G3wDO8J9wSjfI436JUKzHIxq8NaiL0tVeB2aXmG6p/9859aUOAjA9pmSPNGGZxfwmaJ9ozOJImuNVJdpvbA==",
        "dependencies": {}
      },
      "@octokit/core@6.1.2": {
        "integrity": "sha512-hEb7Ma4cGJGEUNOAVmyfdB/3WirWMg5hDuNFVejGEDFqupeOysLc2sG6HJxY2etBp5YQu5Wtxwi020jS9xlUwg==",
        "dependencies": {
          "@octokit/auth-token": "@octokit/auth-token@5.1.1",
          "@octokit/graphql": "@octokit/graphql@8.1.1",
          "@octokit/request": "@octokit/request@9.1.3",
          "@octokit/request-error": "@octokit/request-error@6.1.4",
          "@octokit/types": "@octokit/types@13.5.0",
          "before-after-hook": "before-after-hook@3.0.2",
          "universal-user-agent": "universal-user-agent@7.0.2"
        }
      },
      "@octokit/endpoint@10.1.1": {
        "integrity": "sha512-JYjh5rMOwXMJyUpj028cu0Gbp7qe/ihxfJMLc8VZBMMqSwLgOxDI1911gV4Enl1QSavAQNJcwmwBF9M0VvLh6Q==",
        "dependencies": {
          "@octokit/types": "@octokit/types@13.5.0",
          "universal-user-agent": "universal-user-agent@7.0.2"
        }
      },
      "@octokit/graphql@8.1.1": {
        "integrity": "sha512-ukiRmuHTi6ebQx/HFRCXKbDlOh/7xEV6QUXaE7MJEKGNAncGI/STSbOkl12qVXZrfZdpXctx5O9X1AIaebiDBg==",
        "dependencies": {
          "@octokit/request": "@octokit/request@9.1.3",
          "@octokit/types": "@octokit/types@13.5.0",
          "universal-user-agent": "universal-user-agent@7.0.2"
        }
      },
      "@octokit/openapi-types@22.2.0": {
        "integrity": "sha512-QBhVjcUa9W7Wwhm6DBFu6ZZ+1/t/oYxqc2tp81Pi41YNuJinbFRx8B133qVOrAaBbF7D/m0Et6f9/pZt9Rc+tg==",
        "dependencies": {}
      },
      "@octokit/plugin-paginate-rest@11.3.3_@octokit+core@6.1.2": {
        "integrity": "sha512-o4WRoOJZlKqEEgj+i9CpcmnByvtzoUYC6I8PD2SA95M+BJ2x8h7oLcVOg9qcowWXBOdcTRsMZiwvM3EyLm9AfA==",
        "dependencies": {
          "@octokit/core": "@octokit/core@6.1.2",
          "@octokit/types": "@octokit/types@13.5.0"
        }
      },
      "@octokit/plugin-request-log@5.3.0_@octokit+core@6.1.2": {
        "integrity": "sha512-FiGcyjdtYPlr03ExBk/0ysIlEFIFGJQAVoPPMxL19B24bVSEiZQnVGBunNtaAF1YnvE/EFoDpXmITtRnyCiypQ==",
        "dependencies": {
          "@octokit/core": "@octokit/core@6.1.2"
        }
      },
      "@octokit/plugin-rest-endpoint-methods@13.2.4_@octokit+core@6.1.2": {
        "integrity": "sha512-gusyAVgTrPiuXOdfqOySMDztQHv6928PQ3E4dqVGEtOvRXAKRbJR4b1zQyniIT9waqaWk/UDaoJ2dyPr7Bk7Iw==",
        "dependencies": {
          "@octokit/core": "@octokit/core@6.1.2",
          "@octokit/types": "@octokit/types@13.5.0"
        }
      },
      "@octokit/request-error@6.1.4": {
        "integrity": "sha512-VpAhIUxwhWZQImo/dWAN/NpPqqojR6PSLgLYAituLM6U+ddx9hCioFGwBr5Mi+oi5CLeJkcAs3gJ0PYYzU6wUg==",
        "dependencies": {
          "@octokit/types": "@octokit/types@13.5.0"
        }
      },
      "@octokit/request@9.1.3": {
        "integrity": "sha512-V+TFhu5fdF3K58rs1pGUJIDH5RZLbZm5BI+MNF+6o/ssFNT4vWlCh/tVpF3NxGtP15HUxTTMUbsG5llAuU2CZA==",
        "dependencies": {
          "@octokit/endpoint": "@octokit/endpoint@10.1.1",
          "@octokit/request-error": "@octokit/request-error@6.1.4",
          "@octokit/types": "@octokit/types@13.5.0",
          "universal-user-agent": "universal-user-agent@7.0.2"
        }
      },
      "@octokit/rest@21.0.0_@octokit+core@6.1.2": {
        "integrity": "sha512-XudXXOmiIjivdjNZ+fN71NLrnDM00sxSZlhqmPR3v0dVoJwyP628tSlc12xqn8nX3N0965583RBw5GPo6r8u4Q==",
        "dependencies": {
          "@octokit/core": "@octokit/core@6.1.2",
          "@octokit/plugin-paginate-rest": "@octokit/plugin-paginate-rest@11.3.3_@octokit+core@6.1.2",
          "@octokit/plugin-request-log": "@octokit/plugin-request-log@5.3.0_@octokit+core@6.1.2",
          "@octokit/plugin-rest-endpoint-methods": "@octokit/plugin-rest-endpoint-methods@13.2.4_@octokit+core@6.1.2"
        }
      },
      "@octokit/types@13.5.0": {
        "integrity": "sha512-HdqWTf5Z3qwDVlzCrP8UJquMwunpDiMPt5er+QjGzL4hqr/vBVY/MauQgS1xWxCDT1oMx1EULyqxncdCY/NVSQ==",
        "dependencies": {
          "@octokit/openapi-types": "@octokit/openapi-types@22.2.0"
        }
      },
      "@types/unist@2.0.10": {
        "integrity": "sha512-IfYcSBWE3hLpBg8+X2SEa8LVkJdJEkT2Ese2aaLs3ptGdVtABxndrMaxuFlQ1qdFf9Q5rDvDpxI3WwgvKFAsQA==",
        "dependencies": {}
      },
      "before-after-hook@3.0.2": {
        "integrity": "sha512-Nik3Sc0ncrMK4UUdXQmAnRtzmNQTAAXmXIopizwZ1W1t8QmfJj+zL4OA2I7XPTPW5z5TDqv4hRo/JzouDJnX3A==",
        "dependencies": {}
      },
      "dedent@1.5.3": {
        "integrity": "sha512-NHQtfOOW68WD8lgypbLA5oT+Bt0xXJhiYvoR6SmmNXZfpzOGXwdKWmcwG8N7PwVVWV3eF/68nmD9BaJSsTBhyQ==",
        "dependencies": {}
      },
      "ts-toolbelt@9.6.0": {
        "integrity": "sha512-nsZd8ZeNUzukXPlJmTBwUAuABDe/9qtVDelJeT/qW0ow3ZS3BsQJtNkan1802aM9Uf68/Y8ljw86Hu0h5IUW3w==",
        "dependencies": {}
      },
      "unist-util-is@4.1.0": {
        "integrity": "sha512-ZOQSsnce92GrxSqlnEEseX0gi7GH9zTJZ0p9dtu87WRb/37mMPO2Ilx1s/t9vBHrFhbgweUwb+t7cIn5dxPhZg==",
        "dependencies": {}
      },
      "unist-util-visit-parents@3.1.1": {
        "integrity": "sha512-1KROIZWo6bcMrZEwiH2UrXDyalAa0uqzWCxCJj6lPOvTve2WkfgCytoDTPaMnodXh1WrXOq0haVYHj99ynJlsg==",
        "dependencies": {
          "@types/unist": "@types/unist@2.0.10",
          "unist-util-is": "unist-util-is@4.1.0"
        }
      },
      "unist-util-visit@2.0.3": {
        "integrity": "sha512-iJ4/RczbJMkD0712mGktuGpm/U4By4FfDonL7N/9tATGIF4imikjOuagyMY53tnZq3NP6BcmlrHhEKAfGWjh7Q==",
        "dependencies": {
          "@types/unist": "@types/unist@2.0.10",
          "unist-util-is": "unist-util-is@4.1.0",
          "unist-util-visit-parents": "unist-util-visit-parents@3.1.1"
        }
      },
      "universal-user-agent@7.0.2": {
        "integrity": "sha512-0JCqzSKnStlRRQfCdowvqy3cy0Dvtlb8xecj/H8JFZuCze4rwjPZQOgvFvn0Ws/usCHQFGpyr+pB9adaGwXn4Q==",
        "dependencies": {}
      }
    }
  },
  "remote": {
    "https://deno.land/x/dir@1.5.1/data_local_dir/mod.ts": "91eb1c4bfadfbeda30171007bac6d85aadacd43224a5ed721bbe56bc64e9eb66",
    "https://deno.land/x/import_map@v0.20.0/import_map.generated.js": "a8ebe1a146053f9a336fa9cb5aa63a2dac0cbca6adb183b04270abe56698f68c",
    "https://deno.land/x/import_map@v0.20.0/mod.ts": "b074650942b9cca0bd1a5a2c354338f844f93b0ae01de10a14718415d7f370f7",
    "https://deno.land/x/wasmbuild@0.15.1/cache.ts": "9d01b5cb24e7f2a942bbd8d14b093751fa690a6cde8e21709ddc97667e6669ed",
    "https://deno.land/x/wasmbuild@0.15.1/loader.ts": "8c2fc10e21678e42f84c5135d8ab6ab7dc92424c3f05d2354896a29ccfd02a63"
  },
  "workspace": {
    "dependencies": [
      "jsr:@chiezo/amber@^0.0.6",
      "jsr:@cliffy/ansi@1.0.0-rc.5",
      "jsr:@cliffy/command@1.0.0-rc.5",
      "jsr:@core/match@^0.3.1",
      "jsr:@core/unknownutil@^3.18.1",
      "jsr:@david/dax@^0.41.0",
      "jsr:@deno/graph@^0.80.1",
      "jsr:@lambdalisue/async@^2.1.1",
      "jsr:@molt/core@^0.18.5",
      "jsr:@molt/integration@^0.18.0",
      "jsr:@molt/lib@^0.18.5",
      "jsr:@std/assert@^1.0.0",
      "jsr:@std/collections@^1.0.4",
      "jsr:@std/dotenv@^0.224.2",
      "jsr:@std/fmt@^0.225.6",
      "jsr:@std/fs@^0.229.3",
      "jsr:@std/jsonc@^0.224.3",
      "jsr:@std/path@^1.0.0",
      "jsr:@std/semver@^0.224.3",
      "jsr:@std/testing@^0.225.3",
      "npm:@conventional-commits/parser@^0.4.1",
      "npm:@octokit/rest@^21.0.0",
      "npm:dedent@^1.5.3"
    ],
    "members": {
      "@molt/cli": {},
      "@molt/core": {},
      "@molt/integration": {},
      "@molt/lib": {}
    }
  }
}
