{
  "version": "3",
  "packages": {
    "specifiers": {
      "jsr:@std/semver": "jsr:@std/semver@0.224.3",
      "npm:dedent@^1.5.3": "npm:dedent@1.5.3"
    },
    "jsr": {
      "@std/semver@0.224.3": {
        "integrity": "7bb34b5ad46de2c0c73de0ca3e30081ef64b4361f66abd57c84ff1011c6a1233"
      }
    },
    "npm": {
      "dedent@1.5.3": {
        "integrity": "sha512-NHQtfOOW68WD8lgypbLA5oT+Bt0xXJhiYvoR6SmmNXZfpzOGXwdKWmcwG8N7PwVVWV3eF/68nmD9BaJSsTBhyQ==",
        "dependencies": {}
      }
    }
  },
  "remote": {}
}
