{
  "version": "3",
  "packages": {
    "specifiers": {
      "jsr:@core/match@0.1.x": "jsr:@core/match@0.1.0",
      "npm:hono@^3": "npm:hono@3.0.0",
      "npm:ts-toolbelt@9.6.0": "npm:ts-toolbelt@9.6.0"
    },
    "jsr": {
      "@core/match@0.1.0": {
        "integrity": "6f1edfca5215735a12aa2dbd920ead331a501eb5e3ad70cba3b9787610c7bfaf",
        "dependencies": [
          "npm:ts-toolbelt@9.6.0"
        ]
      }
    },
    "npm": {
      "hono@3.0.0": {
        "integrity": "sha512-OBWEvcRydCOLdOiazqOmKy8PXciR8uIyUM9HpmXot7UmwNBGOdEJvTrVRIgjV603w+go6cTXBOvFiQClSABT6Q==",
        "dependencies": {}
      },
      "ts-toolbelt@9.6.0": {
        "integrity": "sha512-nsZd8ZeNUzukXPlJmTBwUAuABDe/9qtVDelJeT/qW0ow3ZS3BsQJtNkan1802aM9Uf68/Y8ljw86Hu0h5IUW3w==",
        "dependencies": {}
      }
    }
  },
  "remote": {
    "https://deno.land/std@0.200.0/bytes/copy.ts": "939d89e302a9761dcf1d9c937c7711174ed74c59eef40a1e4569a05c9de88219"
  },
  "workspace": {
    "dependencies": [
      "jsr:@core/match@0.1.x",
      "npm:hono@^3"
    ]
  }
}
