{
  "version": "3",
  "packages": {
    "specifiers": {
      "jsr:@core/match@0.1.x": "jsr:@core/match@0.1.9",
      "npm:hono@^3": "npm:hono@3.12.12",
      "npm:ts-toolbelt@9.6.0": "npm:ts-toolbelt@9.6.0"
    },
    "jsr": {
      "@core/match@0.1.9": {
        "integrity": "ceff06cf40212bb720925972a4405bef373efe768690b344ac4fd7ca7189f746",
        "dependencies": [
          "npm:ts-toolbelt@9.6.0"
        ]
      }
    },
    "npm": {
      "hono@3.12.12": {
        "integrity": "sha512-5IAMJOXfpA5nT+K0MNjClchzz0IhBHs2Szl7WFAhrFOsbtQsYmNynFyJRg/a3IPsmCfxcrf8txUGiNShXpK5Rg==",
        "dependencies": {}
      },
      "ts-toolbelt@9.6.0": {
        "integrity": "sha512-nsZd8ZeNUzukXPlJmTBwUAuABDe/9qtVDelJeT/qW0ow3ZS3BsQJtNkan1802aM9Uf68/Y8ljw86Hu0h5IUW3w==",
        "dependencies": {}
      }
    }
  },
  "remote": {
    "https://deno.land/std@0.218.0/bytes/copy.ts": "f29c03168853720dfe82eaa57793d0b9e3543ebfe5306684182f0f1e3bfd422a"
  },
  "workspace": {
    "dependencies": [
      "jsr:@core/match@0.1.x",
      "npm:hono@^3"
    ]
  }
}
