{
  "version": "3",
  "packages": {
    "specifiers": {
      "jsr:@std/assert@0.222.0": "jsr:@std/assert@0.222.0",
      "jsr:@std/fmt@^0.222.0": "jsr:@std/fmt@0.222.1",
      "jsr:@std/testing@0.222.0": "jsr:@std/testing@0.222.0"
    },
    "jsr": {
      "@std/assert@0.222.0": {
        "integrity": "cbf00c0d8125a56c087e3d1ea0e638760d47206b30e9d300bad826b811719fc7",
        "dependencies": [
          "jsr:@std/fmt@^0.222.0"
        ]
      },
      "@std/fmt@0.222.1": {
        "integrity": "ec3382f9b0261c1ab1a5c804aa355d816515fa984cdd827ed32edfb187c0a722"
      },
      "@std/testing@0.222.0": {
        "integrity": "a6d10c9fbb1df052ad7f73174d511328c08b7408bdd162ef6c3bc04def49c2ae"
      }
    }
  },
  "remote": {
    "https://deno.land/x/deno_graph@0.50.0/deno_graph_wasm.generated.js": "e1d58f79f4e33c7cc1062af565600f422a2fec1b5eaee42691f2a7992d9d5e6b",
    "https://deno.land/x/deno_graph@0.50.0/loader.ts": "a2e757383908f4a51659fe1b1203386887ebb17756bac930a64856d613d8d57d",
    "https://deno.land/x/deno_graph@0.50.0/media_type.ts": "a89a1b38d07c160e896de9ceb99285ba8391940140558304171066b5c3ef7609",
    "https://deno.land/x/deno_graph@0.50.0/mod.ts": "47b5e8560f3e66468194742239fc76cf587d611dd43c1913eeebb9b1d94fc39f",
    "https://deno.land/x/dir@1.5.1/data_local_dir/mod.ts": "91eb1c4bfadfbeda30171007bac6d85aadacd43224a5ed721bbe56bc64e9eb66",
    "https://deno.land/x/wasmbuild@0.14.1/cache.ts": "89eea5f3ce6035a1164b3e655c95f21300498920575ade23161421f5b01967f4",
    "https://deno.land/x/wasmbuild@0.14.1/loader.ts": "d98d195a715f823151cbc8baa3f32127337628379a02d9eb2a3c5902dbccfc02"
  },
  "workspace": {
    "dependencies": [
      "jsr:@std/assert@0.222.0",
      "jsr:@std/bytes",
      "jsr:@std/jsoc@0.222.x",
      "jsr:@std/testing@0.222.0",
      "jsr:@std/testing@^0.222.0",
      "jsr:@std/yaml@123.456.789",
      "npm:@octokit/core@6.1.0"
    ]
  }
}
